
Microsoft Visual Studio Solution File, Format Version 12.00
# Visual Studio Version 17
VisualStudioVersion = 17.14.36804.6 d17.14
MinimumVisualStudioVersion = 10.0.40219.1
Project("{FAE04EC0-301F-11D3-BF4B-00C04F79EFBC}") = "WpfAppVideoPlayer", "WpfAppVideoPlayer.csproj", "{51E8B43D-974D-4FEA-A22A-CBEDBB5E4DA6}"
EndProject
Global
	GlobalSection(SolutionConfigurationPlatforms) = preSolution
		Debug|Any CPU = Debug|Any CPU
		Release|Any CPU = Release|Any CPU
	EndGlobalSection
	GlobalSection(ProjectConfigurationPlatforms) = postSolution
		{51E8B43D-974D-4FEA-A22A-CBEDBB5E4DA6}.Debug|Any CPU.ActiveCfg = Debug|Any CPU
		{51E8B43D-974D-4FEA-A22A-CBEDBB5E4DA6}.Debug|Any CPU.Build.0 = Debug|Any CPU
		{51E8B43D-974D-4FEA-A22A-CBEDBB5E4DA6}.Release|Any CPU.ActiveCfg = Release|Any CPU
		{51E8B43D-974D-4FEA-A22A-CBEDBB5E4DA6}.Release|Any CPU.Build.0 = Release|Any CPU
	EndGlobalSection
	GlobalSection(SolutionProperties) = preSolution
		HideSolutionNode = FALSE
	EndGlobalSection
	GlobalSection(ExtensibilityGlobals) = postSolution
		SolutionGuid = {67286297-CFE0-4A0E-8260-8AF88AE37F07}
	EndGlobalSection
EndGlobal
